
Microsoft Visual Studio Solution File, Format Version 11.00
# Visual Studio 2010
Project("{FAE04EC0-301F-11D3-BF4B-00C04F79EFBC}") = "Assembly-CSharp", "Assembly-CSharp.csproj", "{2A13C84B-6AA5-61D7-8ACC-4ECAEAF53A6F}"
EndProject
Project("{FAE04EC0-301F-11D3-BF4B-00C04F79EFBC}") = "Assembly-CSharp-Editor", "Assembly-CSharp-Editor.csproj", "{935C7CE0-D939-D0D0-1DD3-23718015025B}"
EndProject
Global
	GlobalSection(SolutionConfigurationPlatforms) = preSolution
		Debug|Any CPU = Debug|Any CPU
		Release|Any CPU = Release|Any CPU
	EndGlobalSection
	GlobalSection(ProjectConfigurationPlatforms) = postSolution
		{2A13C84B-6AA5-61D7-8ACC-4ECAEAF53A6F}.Debug|Any CPU.ActiveCfg = Debug|Any CPU
		{2A13C84B-6AA5-61D7-8ACC-4ECAEAF53A6F}.Debug|Any CPU.Build.0 = Debug|Any CPU
		{2A13C84B-6AA5-61D7-8ACC-4ECAEAF53A6F}.Release|Any CPU.ActiveCfg = Release|Any CPU
		{2A13C84B-6AA5-61D7-8ACC-4ECAEAF53A6F}.Release|Any CPU.Build.0 = Release|Any CPU
		{935C7CE0-D939-D0D0-1DD3-23718015025B}.Debug|Any CPU.ActiveCfg = Debug|Any CPU
		{935C7CE0-D939-D0D0-1DD3-23718015025B}.Debug|Any CPU.Build.0 = Debug|Any CPU
		{935C7CE0-D939-D0D0-1DD3-23718015025B}.Release|Any CPU.ActiveCfg = Release|Any CPU
		{935C7CE0-D939-D0D0-1DD3-23718015025B}.Release|Any CPU.Build.0 = Release|Any CPU
	EndGlobalSection
	GlobalSection(SolutionProperties) = preSolution
		HideSolutionNode = FALSE
	EndGlobalSection
	GlobalSection(MonoDevelopProperties) = preSolution
		StartupItem = Assembly-CSharp.csproj
	EndGlobalSection
EndGlobal
